// !$*UTF8*$!
{
	archiveVersion = 1;
	classes = {
	};
	objectVersion = 56;
	objects = {

/* Begin PBXBuildFile section */
		6F7E24FF2B3B2402002D6F5A /* TopBarPingApp.swift in Sources */ = {isa = PBXBuildFile; fileRef = 6F7E24FE2B3B2402002D6F5A /* TopBarPingApp.swift */; };
		6F7E25012B3B2402002D6F5A /* ContentView.swift in Sources */ = {isa = PBXBuildFile; fileRef = 6F7E25002B3B2402002D6F5A /* ContentView.swift */; };
		6F7E25032B3B2402002D6F5A /* Item.swift in Sources */ = {isa = PBXBuildFile; fileRef = 6F7E25022B3B2402002D6F5A /* Item.swift */; };
		6F7E25052B3B2404002D6F5A /* Assets.xcassets in Resources */ = {isa = PBXBuildFile; fileRef = 6F7E25042B3B2404002D6F5A /* Assets.xcassets */; };
		6F7E25082B3B2404002D6F5A /* Preview Assets.xcassets in Resources */ = {isa = PBXBuildFile; fileRef = 6F7E25072B3B2404002D6F5A /* Preview Assets.xcassets */; };
		6F7E25132B3B2404002D6F5A /* TopBarPingTests.swift in Sources */ = {isa = PBXBuildFile; fileRef = 6F7E25122B3B2404002D6F5A /* TopBarPingTests.swift */; };
		6F7E251D2B3B2404002D6F5A /* TopBarPingUITests.swift in Sources */ = {isa = PBXBuildFile; fileRef = 6F7E251C2B3B2404002D6F5A /* TopBarPingUITests.swift */; };
		6F7E251F2B3B2404002D6F5A /* TopBarPingUITestsLaunchTests.swift in Sources */ = {isa = PBXBuildFile; fileRef = 6F7E251E2B3B2404002D6F5A /* TopBarPingUITestsLaunchTests.swift */; };
		6F7E252D2B3B272A002D6F5A /* AppKit.framework in Frameworks */ = {isa = PBXBuildFile; fileRef = 6F7E252C2B3B272A002D6F5A /* AppKit.framework */; };
		6F7E252F2B3B2737002D6F5A /* Network.framework in Frameworks */ = {isa = PBXBuildFile; fileRef = 6F7E252E2B3B2737002D6F5A /* Network.framework */; };
		6F7E25312B3B2900002D6F5A /* PingService.swift in Sources */ = {isa = PBXBuildFile; fileRef = 6F7E25302B3B2900002D6F5A /* PingService.swift */; };
/* End PBXBuildFile section */

/* Begin PBXContainerItemProxy section */
		6F7E250F2B3B2404002D6F5A /* PBXContainerItemProxy */ = {
			isa = PBXContainerItemProxy;
			containerPortal = 6F7E24F32B3B2402002D6F5A /* Project object */;
			proxyType = 1;
			remoteGlobalIDString = 6F7E24FA2B3B2402002D6F5A;
			remoteInfo = TopBarPing;
		};
		6F7E25192B3B2404002D6F5A /* PBXContainerItemProxy */ = {
			isa = PBXContainerItemProxy;
			containerPortal = 6F7E24F32B3B2402002D6F5A /* Project object */;
			proxyType = 1;
			remoteGlobalIDString = 6F7E24FA2B3B2402002D6F5A;
			remoteInfo = TopBarPing;
		};
/* End PBXContainerItemProxy section */

/* Begin PBXFileReference section */
		6F7E24FB2B3B2402002D6F5A /* TopBarPing.app */ = {isa = PBXFileReference; explicitFileType = wrapper.application; includeInIndex = 0; path = TopBarPing.app; sourceTree = BUILT_PRODUCTS_DIR; };
		6F7E24FE2B3B2402002D6F5A /* TopBarPingApp.swift */ = {isa = PBXFileReference; lastKnownFileType = sourcecode.swift; path = TopBarPingApp.swift; sourceTree = "<group>"; };
		6F7E25002B3B2402002D6F5A /* ContentView.swift */ = {isa = PBXFileReference; lastKnownFileType = sourcecode.swift; path = ContentView.swift; sourceTree = "<group>"; };
		6F7E25022B3B2402002D6F5A /* Item.swift */ = {isa = PBXFileReference; lastKnownFileType = sourcecode.swift; path = Item.swift; sourceTree = "<group>"; };
		6F7E25042B3B2404002D6F5A /* Assets.xcassets */ = {isa = PBXFileReference; lastKnownFileType = folder.assetcatalog; path = Assets.xcassets; sourceTree = "<group>"; };
		6F7E25072B3B2404002D6F5A /* Preview Assets.xcassets */ = {isa = PBXFileReference; lastKnownFileType = folder.assetcatalog; path = "Preview Assets.xcassets"; sourceTree = "<group>"; };
		6F7E25092B3B2404002D6F5A /* TopBarPing.entitlements */ = {isa = PBXFileReference; lastKnownFileType = text.plist.entitlements; path = TopBarPing.entitlements; sourceTree = "<group>"; };
		6F7E250E2B3B2404002D6F5A /* TopBarPingTests.xctest */ = {isa = PBXFileReference; explicitFileType = wrapper.cfbundle; includeInIndex = 0; path = TopBarPingTests.xctest; sourceTree = BUILT_PRODUCTS_DIR; };
		6F7E25122B3B2404002D6F5A /* TopBarPingTests.swift */ = {isa = PBXFileReference; lastKnownFileType = sourcecode.swift; path = TopBarPingTests.swift; sourceTree = "<group>"; };
		6F7E25182B3B2404002D6F5A /* TopBarPingUITests.xctest */ = {isa = PBXFileReference; explicitFileType = wrapper.cfbundle; includeInIndex = 0; path = TopBarPingUITests.xctest; sourceTree = BUILT_PRODUCTS_DIR; };
		6F7E251C2B3B2404002D6F5A /* TopBarPingUITests.swift */ = {isa = PBXFileReference; lastKnownFileType = sourcecode.swift; path = TopBarPingUITests.swift; sourceTree = "<group>"; };
		6F7E251E2B3B2404002D6F5A /* TopBarPingUITestsLaunchTests.swift */ = {isa = PBXFileReference; lastKnownFileType = sourcecode.swift; path = TopBarPingUITestsLaunchTests.swift; sourceTree = "<group>"; };
		6F7E252C2B3B272A002D6F5A /* AppKit.framework */ = {isa = PBXFileReference; lastKnownFileType = wrapper.framework; name = AppKit.framework; path = System/Library/Frameworks/AppKit.framework; sourceTree = SDKROOT; };
		6F7E252E2B3B2737002D6F5A /* Network.framework */ = {isa = PBXFileReference; lastKnownFileType = wrapper.framework; name = Network.framework; path = System/Library/Frameworks/Network.framework; sourceTree = SDKROOT; };
		6F7E25302B3B2900002D6F5A /* PingService.swift */ = {isa = PBXFileReference; lastKnownFileType = sourcecode.swift; path = PingService.swift; sourceTree = "<group>"; };
		6F7E25322B3B2A1B002D6F5A /* Info.plist */ = {isa = PBXFileReference; lastKnownFileType = text.plist; path = Info.plist; sourceTree = "<group>"; };
/* End PBXFileReference section */

/* Begin PBXFrameworksBuildPhase section */
		6F7E24F82B3B2402002D6F5A /* Frameworks */ = {
			isa = PBXFrameworksBuildPhase;
			buildActionMask = 2147483647;
			files = (
				6F7E252D2B3B272A002D6F5A /* AppKit.framework in Frameworks */,
				6F7E252F2B3B2737002D6F5A /* Network.framework in Frameworks */,
			);
			runOnlyForDeploymentPostprocessing = 0;
		};
		6F7E250B2B3B2404002D6F5A /* Frameworks */ = {
			isa = PBXFrameworksBuildPhase;
			buildActionMask = 2147483647;
			files = (
			);
			runOnlyForDeploymentPostprocessing = 0;
		};
		6F7E25152B3B2404002D6F5A /* Frameworks */ = {
			isa = PBXFrameworksBuildPhase;
			buildActionMask = 2147483647;
			files = (
			);
			runOnlyForDeploymentPostprocessing = 0;
		};
/* End PBXFrameworksBuildPhase section */

/* Begin PBXGroup section */
		6F7E24F22B3B2402002D6F5A = {
			isa = PBXGroup;
			children = (
				6F7E24FD2B3B2402002D6F5A /* TopBarPing */,
				6F7E25112B3B2404002D6F5A /* TopBarPingTests */,
				6F7E251B2B3B2404002D6F5A /* TopBarPingUITests */,
				6F7E24FC2B3B2402002D6F5A /* Products */,
				6F7E252B2B3B272A002D6F5A /* Frameworks */,
			);
			sourceTree = "<group>";
		};
		6F7E24FC2B3B2402002D6F5A /* Products */ = {
			isa = PBXGroup;
			children = (
				6F7E24FB2B3B2402002D6F5A /* TopBarPing.app */,
				6F7E250E2B3B2404002D6F5A /* TopBarPingTests.xctest */,
				6F7E25182B3B2404002D6F5A /* TopBarPingUITests.xctest */,
			);
			name = Products;
			sourceTree = "<group>";
		};
		6F7E24FD2B3B2402002D6F5A /* TopBarPing */ = {
			isa = PBXGroup;
			children = (
				6F7E25322B3B2A1B002D6F5A /* Info.plist */,
				6F7E24FE2B3B2402002D6F5A /* TopBarPingApp.swift */,
				6F7E25002B3B2402002D6F5A /* ContentView.swift */,
				6F7E25022B3B2402002D6F5A /* Item.swift */,
				6F7E25042B3B2404002D6F5A /* Assets.xcassets */,
				6F7E25092B3B2404002D6F5A /* TopBarPing.entitlements */,
				6F7E25062B3B2404002D6F5A /* Preview Content */,
				6F7E25302B3B2900002D6F5A /* PingService.swift */,
			);
			path = TopBarPing;
			sourceTree = "<group>";
		};
		6F7E25062B3B2404002D6F5A /* Preview Content */ = {
			isa = PBXGroup;
			children = (
				6F7E25072B3B2404002D6F5A /* Preview Assets.xcassets */,
			);
			path = "Preview Content";
			sourceTree = "<group>";
		};
		6F7E25112B3B2404002D6F5A /* TopBarPingTests */ = {
			isa = PBXGroup;
			children = (
				6F7E25122B3B2404002D6F5A /* TopBarPingTests.swift */,
			);
			path = TopBarPingTests;
			sourceTree = "<group>";
		};
		6F7E251B2B3B2404002D6F5A /* TopBarPingUITests */ = {
			isa = PBXGroup;
			children = (
				6F7E251C2B3B2404002D6F5A /* TopBarPingUITests.swift */,
				6F7E251E2B3B2404002D6F5A /* TopBarPingUITestsLaunchTests.swift */,
			);
			path = TopBarPingUITests;
			sourceTree = "<group>";
		};
		6F7E252B2B3B272A002D6F5A /* Frameworks */ = {
			isa = PBXGroup;
			children = (
				6F7E252E2B3B2737002D6F5A /* Network.framework */,
				6F7E252C2B3B272A002D6F5A /* AppKit.framework */,
			);
			name = Frameworks;
			sourceTree = "<group>";
		};
/* End PBXGroup section */

/* Begin PBXNativeTarget section */
		6F7E24FA2B3B2402002D6F5A /* TopBarPing */ = {
			isa = PBXNativeTarget;
			buildConfigurationList = 6F7E25222B3B2404002D6F5A /* Build configuration list for PBXNativeTarget "TopBarPing" */;
			buildPhases = (
				6F7E24F72B3B2402002D6F5A /* Sources */,
				6F7E24F82B3B2402002D6F5A /* Frameworks */,
				6F7E24F92B3B2402002D6F5A /* Resources */,
			);
			buildRules = (
			);
			dependencies = (
			);
			name = TopBarPing;
			productName = TopBarPing;
			productReference = 6F7E24FB2B3B2402002D6F5A /* TopBarPing.app */;
			productType = "com.apple.product-type.application";
		};
		6F7E250D2B3B2404002D6F5A /* TopBarPingTests */ = {
			isa = PBXNativeTarget;
			buildConfigurationList = 6F7E25252B3B2404002D6F5A /* Build configuration list for PBXNativeTarget "TopBarPingTests" */;
			buildPhases = (
				6F7E250A2B3B2404002D6F5A /* Sources */,
				6F7E250B2B3B2404002D6F5A /* Frameworks */,
				6F7E250C2B3B2404002D6F5A /* Resources */,
			);
			buildRules = (
			);
			dependencies = (
				6F7E25102B3B2404002D6F5A /* PBXTargetDependency */,
			);
			name = TopBarPingTests;
			productName = TopBarPingTests;
			productReference = 6F7E250E2B3B2404002D6F5A /* TopBarPingTests.xctest */;
			productType = "com.apple.product-type.bundle.unit-test";
		};
		6F7E25172B3B2404002D6F5A /* TopBarPingUITests */ = {
			isa = PBXNativeTarget;
			buildConfigurationList = 6F7E25282B3B2404002D6F5A /* Build configuration list for PBXNativeTarget "TopBarPingUITests" */;
			buildPhases = (
				6F7E25142B3B2404002D6F5A /* Sources */,
				6F7E25152B3B2404002D6F5A /* Frameworks */,
				6F7E25162B3B2404002D6F5A /* Resources */,
			);
			buildRules = (
			);
			dependencies = (
				6F7E251A2B3B2404002D6F5A /* PBXTargetDependency */,
			);
			name = TopBarPingUITests;
			productName = TopBarPingUITests;
			productReference = 6F7E25182B3B2404002D6F5A /* TopBarPingUITests.xctest */;
			productType = "com.apple.product-type.bundle.ui-testing";
		};
/* End PBXNativeTarget section */

/* Begin PBXProject section */
		6F7E24F32B3B2402002D6F5A /* Project object */ = {
			isa = PBXProject;
			attributes = {
				BuildIndependentTargetsInParallel = 1;
				LastSwiftUpdateCheck = 1500;
				LastUpgradeCheck = 1500;
				TargetAttributes = {
					6F7E24FA2B3B2402002D6F5A = {
						CreatedOnToolsVersion = 15.0.1;
					};
					6F7E250D2B3B2404002D6F5A = {
						CreatedOnToolsVersion = 15.0.1;
						TestTargetID = 6F7E24FA2B3B2402002D6F5A;
					};
					6F7E25172B3B2404002D6F5A = {
						CreatedOnToolsVersion = 15.0.1;
						TestTargetID = 6F7E24FA2B3B2402002D6F5A;
					};
				};
			};
			buildConfigurationList = 6F7E24F62B3B2402002D6F5A /* Build configuration list for PBXProject "TopBarPing" */;
			compatibilityVersion = "Xcode 14.0";
			developmentRegion = en;
			hasScannedForEncodings = 0;
			knownRegions = (
				en,
				Base,
			);
			mainGroup = 6F7E24F22B3B2402002D6F5A;
			productRefGroup = 6F7E24FC2B3B2402002D6F5A /* Products */;
			projectDirPath = "";
			projectRoot = "";
			targets = (
				6F7E24FA2B3B2402002D6F5A /* TopBarPing */,
				6F7E250D2B3B2404002D6F5A /* TopBarPingTests */,
				6F7E25172B3B2404002D6F5A /* TopBarPingUITests */,
			);
		};
/* End PBXProject section */

/* Begin PBXResourcesBuildPhase section */
		6F7E24F92B3B2402002D6F5A /* Resources */ = {
			isa = PBXResourcesBuildPhase;
			buildActionMask = 2147483647;
			files = (
				6F7E25082B3B2404002D6F5A /* Preview Assets.xcassets in Resources */,
				6F7E25052B3B2404002D6F5A /* Assets.xcassets in Resources */,
			);
			runOnlyForDeploymentPostprocessing = 0;
		};
		6F7E250C2B3B2404002D6F5A /* Resources */ = {
			isa = PBXResourcesBuildPhase;
			buildActionMask = 2147483647;
			files = (
			);
			runOnlyForDeploymentPostprocessing = 0;
		};
		6F7E25162B3B2404002D6F5A /* Resources */ = {
			isa = PBXResourcesBuildPhase;
			buildActionMask = 2147483647;
			files = (
			);
			runOnlyForDeploymentPostprocessing = 0;
		};
/* End PBXResourcesBuildPhase section */

/* Begin PBXSourcesBuildPhase section */
		6F7E24F72B3B2402002D6F5A /* Sources */ = {
			isa = PBXSourcesBuildPhase;
			buildActionMask = 2147483647;
			files = (
				6F7E25012B3B2402002D6F5A /* ContentView.swift in Sources */,
				6F7E25032B3B2402002D6F5A /* Item.swift in Sources */,
				6F7E24FF2B3B2402002D6F5A /* TopBarPingApp.swift in Sources */,
				6F7E25312B3B2900002D6F5A /* PingService.swift in Sources */,
			);
			runOnlyForDeploymentPostprocessing = 0;
		};
		6F7E250A2B3B2404002D6F5A /* Sources */ = {
			isa = PBXSourcesBuildPhase;
			buildActionMask = 2147483647;
			files = (
				6F7E25132B3B2404002D6F5A /* TopBarPingTests.swift in Sources */,
			);
			runOnlyForDeploymentPostprocessing = 0;
		};
		6F7E25142B3B2404002D6F5A /* Sources */ = {
			isa = PBXSourcesBuildPhase;
			buildActionMask = 2147483647;
			files = (
				6F7E251F2B3B2404002D6F5A /* TopBarPingUITestsLaunchTests.swift in Sources */,
				6F7E251D2B3B2404002D6F5A /* TopBarPingUITests.swift in Sources */,
			);
			runOnlyForDeploymentPostprocessing = 0;
		};
/* End PBXSourcesBuildPhase section */

/* Begin PBXTargetDependency section */
		6F7E25102B3B2404002D6F5A /* PBXTargetDependency */ = {
			isa = PBXTargetDependency;
			target = 6F7E24FA2B3B2402002D6F5A /* TopBarPing */;
			targetProxy = 6F7E250F2B3B2404002D6F5A /* PBXContainerItemProxy */;
		};
		6F7E251A2B3B2404002D6F5A /* PBXTargetDependency */ = {
			isa = PBXTargetDependency;
			target = 6F7E24FA2B3B2402002D6F5A /* TopBarPing */;
			targetProxy = 6F7E25192B3B2404002D6F5A /* PBXContainerItemProxy */;
		};
/* End PBXTargetDependency section */

/* Begin XCBuildConfiguration section */
		6F7E25202B3B2404002D6F5A /* Debug */ = {
			isa = XCBuildConfiguration;
			buildSettings = {
				ALWAYS_SEARCH_USER_PATHS = NO;
				ASSETCATALOG_COMPILER_GENERATE_SWIFT_ASSET_SYMBOL_EXTENSIONS = YES;
				CLANG_ANALYZER_NONNULL = YES;
				CLANG_ANALYZER_NUMBER_OBJECT_CONVERSION = YES_AGGRESSIVE;
				CLANG_CXX_LANGUAGE_STANDARD = "gnu++20";
				CLANG_ENABLE_MODULES = YES;
				CLANG_ENABLE_OBJC_ARC = YES;
				CLANG_ENABLE_OBJC_WEAK = YES;
				CLANG_WARN_BLOCK_CAPTURE_AUTORELEASING = YES;
				CLANG_WARN_BOOL_CONVERSION = YES;
				CLANG_WARN_COMMA = YES;
				CLANG_WARN_CONSTANT_CONVERSION = YES;
				CLANG_WARN_DEPRECATED_OBJC_IMPLEMENTATIONS = YES;
				CLANG_WARN_DIRECT_OBJC_ISA_USAGE = YES_ERROR;
				CLANG_WARN_DOCUMENTATION_COMMENTS = YES;
				CLANG_WARN_EMPTY_BODY = YES;
				CLANG_WARN_ENUM_CONVERSION = YES;
				CLANG_WARN_INFINITE_RECURSION = YES;
				CLANG_WARN_INT_CONVERSION = YES;
				CLANG_WARN_NON_LITERAL_NULL_CONVERSION = YES;
				CLANG_WARN_OBJC_IMPLICIT_RETAIN_SELF = YES;
				CLANG_WARN_OBJC_LITERAL_CONVERSION = YES;
				CLANG_WARN_OBJC_ROOT_CLASS = YES_ERROR;
				CLANG_WARN_QUOTED_INCLUDE_IN_FRAMEWORK_HEADER = YES;
				CLANG_WARN_RANGE_LOOP_ANALYSIS = YES;
				CLANG_WARN_STRICT_PROTOTYPES = YES;
				CLANG_WARN_SUSPICIOUS_MOVE = YES;
				CLANG_WARN_UNGUARDED_AVAILABILITY = YES_AGGRESSIVE;
				CLANG_WARN_UNREACHABLE_CODE = YES;
				CLANG_WARN__DUPLICATE_METHOD_MATCH = YES;
				COPY_PHASE_STRIP = NO;
				DEBUG_INFORMATION_FORMAT = dwarf;
				ENABLE_STRICT_OBJC_MSGSEND = YES;
				ENABLE_TESTABILITY = YES;
				ENABLE_USER_SCRIPT_SANDBOXING = YES;
				GCC_C_LANGUAGE_STANDARD = gnu17;
				GCC_DYNAMIC_NO_PIC = NO;
				GCC_NO_COMMON_BLOCKS = YES;
				GCC_OPTIMIZATION_LEVEL = 0;
				GCC_PREPROCESSOR_DEFINITIONS = (
					"DEBUG=1",
					"$(inherited)",
				);
				GCC_WARN_64_TO_32_BIT_CONVERSION = YES;
				GCC_WARN_ABOUT_RETURN_TYPE = YES_ERROR;
				GCC_WARN_UNDECLARED_SELECTOR = YES;
				GCC_WARN_UNINITIALIZED_AUTOS = YES_AGGRESSIVE;
				GCC_WARN_UNUSED_FUNCTION = YES;
				GCC_WARN_UNUSED_VARIABLE = YES;
				LOCALIZATION_PREFERS_STRING_CATALOGS = YES;
				MACOSX_DEPLOYMENT_TARGET = 14.0;
				MTL_ENABLE_DEBUG_INFO = INCLUDE_SOURCE;
				MTL_FAST_MATH = YES;
				ONLY_ACTIVE_ARCH = YES;
				SDKROOT = macosx;
				SWIFT_ACTIVE_COMPILATION_CONDITIONS = "DEBUG $(inherited)";
				SWIFT_OPTIMIZATION_LEVEL = "-Onone";
			};
			name = Debug;
		};
		6F7E25212B3B2404002D6F5A /* Release */ = {
			isa = XCBuildConfiguration;
			buildSettings = {
				ALWAYS_SEARCH_USER_PATHS = NO;
				ASSETCATALOG_COMPILER_GENERATE_SWIFT_ASSET_SYMBOL_EXTENSIONS = YES;
				CLANG_ANALYZER_NONNULL = YES;
				CLANG_ANALYZER_NUMBER_OBJECT_CONVERSION = YES_AGGRESSIVE;
				CLANG_CXX_LANGUAGE_STANDARD = "gnu++20";
				CLANG_ENABLE_MODULES = YES;
				CLANG_ENABLE_OBJC_ARC = YES;
				CLANG_ENABLE_OBJC_WEAK = YES;
				CLANG_WARN_BLOCK_CAPTURE_AUTORELEASING = YES;
				CLANG_WARN_BOOL_CONVERSION = YES;
				CLANG_WARN_COMMA = YES;
				CLANG_WARN_CONSTANT_CONVERSION = YES;
				CLANG_WARN_DEPRECATED_OBJC_IMPLEMENTATIONS = YES;
				CLANG_WARN_DIRECT_OBJC_ISA_USAGE = YES_ERROR;
				CLANG_WARN_DOCUMENTATION_COMMENTS = YES;
				CLANG_WARN_EMPTY_BODY = YES;
				CLANG_WARN_ENUM_CONVERSION = YES;
				CLANG_WARN_INFINITE_RECURSION = YES;
				CLANG_WARN_INT_CONVERSION = YES;
				CLANG_WARN_NON_LITERAL_NULL_CONVERSION = YES;
				CLANG_WARN_OBJC_IMPLICIT_RETAIN_SELF = YES;
				CLANG_WARN_OBJC_LITERAL_CONVERSION = YES;
				CLANG_WARN_OBJC_ROOT_CLASS = YES_ERROR;
				CLANG_WARN_QUOTED_INCLUDE_IN_FRAMEWORK_HEADER = YES;
				CLANG_WARN_RANGE_LOOP_ANALYSIS = YES;
				CLANG_WARN_STRICT_PROTOTYPES = YES;
				CLANG_WARN_SUSPICIOUS_MOVE = YES;
				CLANG_WARN_UNGUARDED_AVAILABILITY = YES_AGGRESSIVE;
				CLANG_WARN_UNREACHABLE_CODE = YES;
				CLANG_WARN__DUPLICATE_METHOD_MATCH = YES;
				COPY_PHASE_STRIP = NO;
				DEBUG_INFORMATION_FORMAT = "dwarf-with-dsym";
				ENABLE_NS_ASSERTIONS = NO;
				ENABLE_STRICT_OBJC_MSGSEND = YES;
				ENABLE_USER_SCRIPT_SANDBOXING = YES;
				GCC_C_LANGUAGE_STANDARD = gnu17;
				GCC_NO_COMMON_BLOCKS = YES;
				GCC_WARN_64_TO_32_BIT_CONVERSION = YES;
				GCC_WARN_ABOUT_RETURN_TYPE = YES_ERROR;
				GCC_WARN_UNDECLARED_SELECTOR = YES;
				GCC_WARN_UNINITIALIZED_AUTOS = YES_AGGRESSIVE;
				GCC_WARN_UNUSED_FUNCTION = YES;
				GCC_WARN_UNUSED_VARIABLE = YES;
				LOCALIZATION_PREFERS_STRING_CATALOGS = YES;
				MACOSX_DEPLOYMENT_TARGET = 14.0;
				MTL_ENABLE_DEBUG_INFO = NO;
				MTL_FAST_MATH = YES;
				SDKROOT = macosx;
				SWIFT_COMPILATION_MODE = wholemodule;
			};
			name = Release;
		};
		6F7E25232B3B2404002D6F5A /* Debug */ = {
			isa = XCBuildConfiguration;
			buildSettings = {
				ASSETCATALOG_COMPILER_APPICON_NAME = AppIcon;
				ASSETCATALOG_COMPILER_GLOBAL_ACCENT_COLOR_NAME = AccentColor;
				CODE_SIGN_ENTITLEMENTS = TopBarPing/TopBarPing.entitlements;
				"CODE_SIGN_IDENTITY[sdk=macosx*]" = "Apple Development";
				CODE_SIGN_STYLE = Automatic;
				COMBINE_HIDPI_IMAGES = YES;
				CURRENT_PROJECT_VERSION = 1;
				DEVELOPMENT_ASSET_PATHS = "\"TopBarPing/Preview Content\"";
				DEVELOPMENT_TEAM = CW9RJJD2A9;
				ENABLE_HARDENED_RUNTIME = YES;
				ENABLE_PREVIEWS = YES;
				GENERATE_INFOPLIST_FILE = YES;
				INFOPLIST_FILE = TopBarPing/Info.plist;
				INFOPLIST_KEY_NSHumanReadableCopyright = "";
				LD_RUNPATH_SEARCH_PATHS = (
					"$(inherited)",
					"@executable_path/../Frameworks",
				);
				MACOSX_DEPLOYMENT_TARGET = 14.0;
				MARKETING_VERSION = 1.0;
				PRODUCT_BUNDLE_IDENTIFIER = TheOrganizationKhan.TopBarPing;
				PRODUCT_NAME = "$(TARGET_NAME)";
				SWIFT_EMIT_LOC_STRINGS = YES;
				SWIFT_VERSION = 5.0;
			};
			name = Debug;
		};
		6F7E25242B3B2404002D6F5A /* Release */ = {
			isa = XCBuildConfiguration;
			buildSettings = {
				ASSETCATALOG_COMPILER_APPICON_NAME = AppIcon;
				ASSETCATALOG_COMPILER_GLOBAL_ACCENT_COLOR_NAME = AccentColor;
				CODE_SIGN_ENTITLEMENTS = TopBarPing/TopBarPing.entitlements;
				"CODE_SIGN_IDENTITY[sdk=macosx*]" = "Apple Development";
				CODE_SIGN_STYLE = Automatic;
				COMBINE_HIDPI_IMAGES = YES;
				CURRENT_PROJECT_VERSION = 1;
				DEVELOPMENT_ASSET_PATHS = "\"TopBarPing/Preview Content\"";
				DEVELOPMENT_TEAM = CW9RJJD2A9;
				ENABLE_HARDENED_RUNTIME = YES;
				ENABLE_PREVIEWS = YES;
				GENERATE_INFOPLIST_FILE = YES;
				INFOPLIST_FILE = TopBarPing/Info.plist;
				INFOPLIST_KEY_NSHumanReadableCopyright = "";
				LD_RUNPATH_SEARCH_PATHS = (
					"$(inherited)",
					"@executable_path/../Frameworks",
				);
				MACOSX_DEPLOYMENT_TARGET = 14.0;
				MARKETING_VERSION = 1.0;
				PRODUCT_BUNDLE_IDENTIFIER = TheOrganizationKhan.TopBarPing;
				PRODUCT_NAME = "$(TARGET_NAME)";
				SWIFT_EMIT_LOC_STRINGS = YES;
				SWIFT_VERSION = 5.0;
			};
			name = Release;
		};
		6F7E25262B3B2404002D6F5A /* Debug */ = {
			isa = XCBuildConfiguration;
			buildSettings = {
				ALWAYS_EMBED_SWIFT_STANDARD_LIBRARIES = YES;
				BUNDLE_LOADER = "$(TEST_HOST)";
				CODE_SIGN_STYLE = Automatic;
				CURRENT_PROJECT_VERSION = 1;
				DEVELOPMENT_TEAM = CW9RJJD2A9;
				GENERATE_INFOPLIST_FILE = YES;
				MACOSX_DEPLOYMENT_TARGET = 14.0;
				MARKETING_VERSION = 1.0;
				PRODUCT_BUNDLE_IDENTIFIER = TheOrganizationKhan.TopBarPingTests;
				PRODUCT_NAME = "$(TARGET_NAME)";
				SWIFT_EMIT_LOC_STRINGS = NO;
				SWIFT_VERSION = 5.0;
				TEST_HOST = "$(BUILT_PRODUCTS_DIR)/TopBarPing.app/$(BUNDLE_EXECUTABLE_FOLDER_PATH)/TopBarPing";
			};
			name = Debug;
		};
		6F7E25272B3B2404002D6F5A /* Release */ = {
			isa = XCBuildConfiguration;
			buildSettings = {
				ALWAYS_EMBED_SWIFT_STANDARD_LIBRARIES = YES;
				BUNDLE_LOADER = "$(TEST_HOST)";
				CODE_SIGN_STYLE = Automatic;
				CURRENT_PROJECT_VERSION = 1;
				DEVELOPMENT_TEAM = CW9RJJD2A9;
				GENERATE_INFOPLIST_FILE = YES;
				MACOSX_DEPLOYMENT_TARGET = 14.0;
				MARKETING_VERSION = 1.0;
				PRODUCT_BUNDLE_IDENTIFIER = TheOrganizationKhan.TopBarPingTests;
				PRODUCT_NAME = "$(TARGET_NAME)";
				SWIFT_EMIT_LOC_STRINGS = NO;
				SWIFT_VERSION = 5.0;
				TEST_HOST = "$(BUILT_PRODUCTS_DIR)/TopBarPing.app/$(BUNDLE_EXECUTABLE_FOLDER_PATH)/TopBarPing";
			};
			name = Release;
		};
		6F7E25292B3B2404002D6F5A /* Debug */ = {
			isa = XCBuildConfiguration;
			buildSettings = {
				ALWAYS_EMBED_SWIFT_STANDARD_LIBRARIES = YES;
				CODE_SIGN_STYLE = Automatic;
				CURRENT_PROJECT_VERSION = 1;
				DEVELOPMENT_TEAM = CW9RJJD2A9;
				GENERATE_INFOPLIST_FILE = YES;
				MARKETING_VERSION = 1.0;
				PRODUCT_BUNDLE_IDENTIFIER = TheOrganizationKhan.TopBarPingUITests;
				PRODUCT_NAME = "$(TARGET_NAME)";
				SWIFT_EMIT_LOC_STRINGS = NO;
				SWIFT_VERSION = 5.0;
				TEST_TARGET_NAME = TopBarPing;
			};
			name = Debug;
		};
		6F7E252A2B3B2404002D6F5A /* Release */ = {
			isa = XCBuildConfiguration;
			buildSettings = {
				ALWAYS_EMBED_SWIFT_STANDARD_LIBRARIES = YES;
				CODE_SIGN_STYLE = Automatic;
				CURRENT_PROJECT_VERSION = 1;
				DEVELOPMENT_TEAM = CW9RJJD2A9;
				GENERATE_INFOPLIST_FILE = YES;
				MARKETING_VERSION = 1.0;
				PRODUCT_BUNDLE_IDENTIFIER = TheOrganizationKhan.TopBarPingUITests;
				PRODUCT_NAME = "$(TARGET_NAME)";
				SWIFT_EMIT_LOC_STRINGS = NO;
				SWIFT_VERSION = 5.0;
				TEST_TARGET_NAME = TopBarPing;
			};
			name = Release;
		};
/* End XCBuildConfiguration section */

/* Begin XCConfigurationList section */
		6F7E24F62B3B2402002D6F5A /* Build configuration list for PBXProject "TopBarPing" */ = {
			isa = XCConfigurationList;
			buildConfigurations = (
				6F7E25202B3B2404002D6F5A /* Debug */,
				6F7E25212B3B2404002D6F5A /* Release */,
			);
			defaultConfigurationIsVisible = 0;
			defaultConfigurationName = Release;
		};
		6F7E25222B3B2404002D6F5A /* Build configuration list for PBXNativeTarget "TopBarPing" */ = {
			isa = XCConfigurationList;
			buildConfigurations = (
				6F7E25232B3B2404002D6F5A /* Debug */,
				6F7E25242B3B2404002D6F5A /* Release */,
			);
			defaultConfigurationIsVisible = 0;
			defaultConfigurationName = Release;
		};
		6F7E25252B3B2404002D6F5A /* Build configuration list for PBXNativeTarget "TopBarPingTests" */ = {
			isa = XCConfigurationList;
			buildConfigurations = (
				6F7E25262B3B2404002D6F5A /* Debug */,
				6F7E25272B3B2404002D6F5A /* Release */,
			);
			defaultConfigurationIsVisible = 0;
			defaultConfigurationName = Release;
		};
		6F7E25282B3B2404002D6F5A /* Build configuration list for PBXNativeTarget "TopBarPingUITests" */ = {
			isa = XCConfigurationList;
			buildConfigurations = (
				6F7E25292B3B2404002D6F5A /* Debug */,
				6F7E252A2B3B2404002D6F5A /* Release */,
			);
			defaultConfigurationIsVisible = 0;
			defaultConfigurationName = Release;
		};
/* End XCConfigurationList section */
	};
	rootObject = 6F7E24F32B3B2402002D6F5A /* Project object */;
}
